<?xml version="1.0" encoding="UTF-8" standalone="yes" ?>
<CodeBlocks_project_file>
	<FileVersion major="1" minor="6" />
	<Project>
		<Option title="tda_tetris" />
		<Option pch_mode="2" />
		<Option compiler="gcc" />
		<Build>
			<Target title="Debug">
				<Option output="bin/Debug/tda_tetris" prefix_auto="1" extension_auto="1" />
				<Option object_output="obj/Debug/" />
				<Option type="1" />
				<Option compiler="gcc" />
				<Compiler>
					<Add option="-g" />
					<Add directory="lib/GBT_v2026.1C.01/include" />
				</Compiler>
				<Linker>
					<Add option="-lgbt" />
					<Add directory="lib/GBT_v2026.1C.01/lib" />
				</Linker>
			</Target>
			<Target title="Release">
				<Option output="bin/Release/tda_tetris" prefix_auto="1" extension_auto="1" />
				<Option object_output="obj/Release/" />
				<Option type="1" />
				<Option compiler="gcc" />
				<Compiler>
					<Add option="-O2" />
				</Compiler>
				<Linker>
					<Add option="-s" />
				</Linker>
			</Target>
		</Build>
		<Compiler>
			<Add option="-Wall" />
		</Compiler>
		<Unit filename="dibujos.c">
			<Option compilerVar="CC" />
		</Unit>
		<Unit filename="dibujos.h" />
		<Unit filename="main.c">
			<Option compilerVar="CC" />
		</Unit>
		<Unit filename="pieza.c">
			<Option compilerVar="CC" />
		</Unit>
		<Unit filename="pieza.h" />
		<Unit filename="tablero.c">
			<Option compilerVar="CC" />
		</Unit>
		<Unit filename="tablero.h" />
		<Extensions />
	</Project>
</CodeBlocks_project_file>
